
Microsoft Visual Studio Solution File, Format Version 12.00
# Visual Studio 15
VisualStudioVersion = 15.0.28307.902
MinimumVisualStudioVersion = 10.0.40219.1
Project("{FAE04EC0-301F-11D3-BF4B-00C04F79EFBC}") = "Vidlyy", "Vidlyy\Vidlyy.csproj", "{8C7F88D6-835A-4ADE-99AA-E7DD8C382829}"
EndProject
Project("{FAE04EC0-301F-11D3-BF4B-00C04F79EFBC}") = "Vidlyy.Tests", "Vidlyy.Tests\Vidlyy.Tests.csproj", "{731925EC-A8C8-4EB1-8098-C7DFF5FE8F13}"
EndProject
Global
	GlobalSection(SolutionConfigurationPlatforms) = preSolution
		Debug|Any CPU = Debug|Any CPU
		Release|Any CPU = Release|Any CPU
	EndGlobalSection
	GlobalSection(ProjectConfigurationPlatforms) = postSolution
		{8C7F88D6-835A-4ADE-99AA-E7DD8C382829}.Debug|Any CPU.ActiveCfg = Debug|Any CPU
		{8C7F88D6-835A-4ADE-99AA-E7DD8C382829}.Debug|Any CPU.Build.0 = Debug|Any CPU
		{8C7F88D6-835A-4ADE-99AA-E7DD8C382829}.Release|Any CPU.ActiveCfg = Release|Any CPU
		{8C7F88D6-835A-4ADE-99AA-E7DD8C382829}.Release|Any CPU.Build.0 = Release|Any CPU
		{731925EC-A8C8-4EB1-8098-C7DFF5FE8F13}.Debug|Any CPU.ActiveCfg = Debug|Any CPU
		{731925EC-A8C8-4EB1-8098-C7DFF5FE8F13}.Debug|Any CPU.Build.0 = Debug|Any CPU
		{731925EC-A8C8-4EB1-8098-C7DFF5FE8F13}.Release|Any CPU.ActiveCfg = Release|Any CPU
		{731925EC-A8C8-4EB1-8098-C7DFF5FE8F13}.Release|Any CPU.Build.0 = Release|Any CPU
	EndGlobalSection
	GlobalSection(SolutionProperties) = preSolution
		HideSolutionNode = FALSE
	EndGlobalSection
	GlobalSection(ExtensibilityGlobals) = postSolution
		SolutionGuid = {B30E31B8-B548-4709-8DE0-97E5CF9EA47B}
	EndGlobalSection
EndGlobal
